
Microsoft Visual Studio Solution File, Format Version 12.00
# Visual Studio Version 16
VisualStudioVersion = 16.0.30523.141
MinimumVisualStudioVersion = 10.0.40219.1
Project("{FAE04EC0-301F-11D3-BF4B-00C04F79EFBC}") = "FizzBuzzKata.Tests", "FizzBuzzKata\FizzBuzzKata.Tests.csproj", "{62ADD072-0E56-4D0E-9B5C-D1B97677F6F0}"
EndProject
Project("{FAE04EC0-301F-11D3-BF4B-00C04F79EFBC}") = "FizzBuzzKata", "FizzBuzzImplementation\FizzBuzzKata.csproj", "{193554B5-7AEB-4A00-BB55-94BCE0FE34D4}"
EndProject
Global
	GlobalSection(SolutionConfigurationPlatforms) = preSolution
		Debug|Any CPU = Debug|Any CPU
		Release|Any CPU = Release|Any CPU
	EndGlobalSection
	GlobalSection(ProjectConfigurationPlatforms) = postSolution
		{62ADD072-0E56-4D0E-9B5C-D1B97677F6F0}.Debug|Any CPU.ActiveCfg = Debug|Any CPU
		{62ADD072-0E56-4D0E-9B5C-D1B97677F6F0}.Debug|Any CPU.Build.0 = Debug|Any CPU
		{62ADD072-0E56-4D0E-9B5C-D1B97677F6F0}.Release|Any CPU.ActiveCfg = Release|Any CPU
		{62ADD072-0E56-4D0E-9B5C-D1B97677F6F0}.Release|Any CPU.Build.0 = Release|Any CPU
		{193554B5-7AEB-4A00-BB55-94BCE0FE34D4}.Debug|Any CPU.ActiveCfg = Debug|Any CPU
		{193554B5-7AEB-4A00-BB55-94BCE0FE34D4}.Debug|Any CPU.Build.0 = Debug|Any CPU
		{193554B5-7AEB-4A00-BB55-94BCE0FE34D4}.Release|Any CPU.ActiveCfg = Release|Any CPU
		{193554B5-7AEB-4A00-BB55-94BCE0FE34D4}.Release|Any CPU.Build.0 = Release|Any CPU
	EndGlobalSection
	GlobalSection(SolutionProperties) = preSolution
		HideSolutionNode = FALSE
	EndGlobalSection
	GlobalSection(ExtensibilityGlobals) = postSolution
		SolutionGuid = {2C3841A0-A408-4E7C-9190-535676BEA8B8}
	EndGlobalSection
EndGlobal
